
Microsoft Visual Studio Solution File, Format Version 12.00
# Visual Studio Version 16
VisualStudioVersion = 16.0.30503.244
MinimumVisualStudioVersion = 10.0.40219.1
Project("{FAE04EC0-301F-11D3-BF4B-00C04F79EFBC}") = "MassTransit.SimpleProject", "MassTransit.SimpleProject\MassTransit.SimpleProject.csproj", "{9BC90E2A-C85E-4A14-99E7-99D3F18A39BB}"
EndProject
Project("{FAE04EC0-301F-11D3-BF4B-00C04F79EFBC}") = "MassTransit.Components", "MassTransit.Components\MassTransit.Components.csproj", "{390C2BAB-B23E-4CDE-A046-743893D8D59A}"
EndProject
Project("{FAE04EC0-301F-11D3-BF4B-00C04F79EFBC}") = "MassTransit.Contracts", "MassTransit.Contracts\MassTransit.Contracts.csproj", "{E5384AF6-34BD-429B-9BB1-6279151A417A}"
EndProject
Global
	GlobalSection(SolutionConfigurationPlatforms) = preSolution
		Debug|Any CPU = Debug|Any CPU
		Release|Any CPU = Release|Any CPU
	EndGlobalSection
	GlobalSection(ProjectConfigurationPlatforms) = postSolution
		{9BC90E2A-C85E-4A14-99E7-99D3F18A39BB}.Debug|Any CPU.ActiveCfg = Debug|Any CPU
		{9BC90E2A-C85E-4A14-99E7-99D3F18A39BB}.Debug|Any CPU.Build.0 = Debug|Any CPU
		{9BC90E2A-C85E-4A14-99E7-99D3F18A39BB}.Release|Any CPU.ActiveCfg = Release|Any CPU
		{9BC90E2A-C85E-4A14-99E7-99D3F18A39BB}.Release|Any CPU.Build.0 = Release|Any CPU
		{390C2BAB-B23E-4CDE-A046-743893D8D59A}.Debug|Any CPU.ActiveCfg = Debug|Any CPU
		{390C2BAB-B23E-4CDE-A046-743893D8D59A}.Debug|Any CPU.Build.0 = Debug|Any CPU
		{390C2BAB-B23E-4CDE-A046-743893D8D59A}.Release|Any CPU.ActiveCfg = Release|Any CPU
		{390C2BAB-B23E-4CDE-A046-743893D8D59A}.Release|Any CPU.Build.0 = Release|Any CPU
		{E5384AF6-34BD-429B-9BB1-6279151A417A}.Debug|Any CPU.ActiveCfg = Debug|Any CPU
		{E5384AF6-34BD-429B-9BB1-6279151A417A}.Debug|Any CPU.Build.0 = Debug|Any CPU
		{E5384AF6-34BD-429B-9BB1-6279151A417A}.Release|Any CPU.ActiveCfg = Release|Any CPU
		{E5384AF6-34BD-429B-9BB1-6279151A417A}.Release|Any CPU.Build.0 = Release|Any CPU
	EndGlobalSection
	GlobalSection(SolutionProperties) = preSolution
		HideSolutionNode = FALSE
	EndGlobalSection
	GlobalSection(ExtensibilityGlobals) = postSolution
		SolutionGuid = {C52FFA84-13EA-4B80-B128-685D8B4D9D3C}
	EndGlobalSection
EndGlobal
